
Microsoft Visual Studio Solution File, Format Version 12.00
# Visual Studio Version 17
VisualStudioVersion = 17.14.36202.13
MinimumVisualStudioVersion = 10.0.40219.1
Project("{FAE04EC0-301F-11D3-BF4B-00C04F79EFBC}") = "ITI", "ITI\ITI.csproj", "{D45F04FB-AB17-4710-BEF8-7C8788129E4E}"
EndProject
Project("{FAE04EC0-301F-11D3-BF4B-00C04F79EFBC}") = "Company", "Company\Company.csproj", "{4345F477-120B-4210-86C4-73771EEA311E}"
EndProject
Global
	GlobalSection(SolutionConfigurationPlatforms) = preSolution
		Debug|Any CPU = Debug|Any CPU
		Release|Any CPU = Release|Any CPU
	EndGlobalSection
	GlobalSection(ProjectConfigurationPlatforms) = postSolution
		{D45F04FB-AB17-4710-BEF8-7C8788129E4E}.Debug|Any CPU.ActiveCfg = Debug|Any CPU
		{D45F04FB-AB17-4710-BEF8-7C8788129E4E}.Debug|Any CPU.Build.0 = Debug|Any CPU
		{D45F04FB-AB17-4710-BEF8-7C8788129E4E}.Release|Any CPU.ActiveCfg = Release|Any CPU
		{D45F04FB-AB17-4710-BEF8-7C8788129E4E}.Release|Any CPU.Build.0 = Release|Any CPU
		{4345F477-120B-4210-86C4-73771EEA311E}.Debug|Any CPU.ActiveCfg = Debug|Any CPU
		{4345F477-120B-4210-86C4-73771EEA311E}.Debug|Any CPU.Build.0 = Debug|Any CPU
		{4345F477-120B-4210-86C4-73771EEA311E}.Release|Any CPU.ActiveCfg = Release|Any CPU
		{4345F477-120B-4210-86C4-73771EEA311E}.Release|Any CPU.Build.0 = Release|Any CPU
	EndGlobalSection
	GlobalSection(SolutionProperties) = preSolution
		HideSolutionNode = FALSE
	EndGlobalSection
	GlobalSection(ExtensibilityGlobals) = postSolution
		SolutionGuid = {EF044EB7-0817-4A35-A07B-0DBB113C36BF}
	EndGlobalSection
EndGlobal
